FORGE
  remote: https://forgeapi.puppetlabs.com
  specs:
    maestrodev-wget (1.5.6)
    puppetlabs-java (1.1.2)
      puppetlabs-stdlib (>= 2.4.0)
    puppetlabs-stdlib (4.3.2)

GIT
  remote: git@github.com:hoccer/puppet-backuppc-client.git
  ref: master
  sha: 4069d31f337a81b8ef429cf1e4fcf35280e9e2d0
  specs:
    hoccer-backuppc-client (0.0.1)

GIT
  remote: git@github.com:hoccer/puppet-deployment-user.git
  ref: master
  sha: fd8f8155a65420f27b8c259d29c4158ba57c68fd
  specs:
    hoccer-deployment-user (0.0.1)

GIT
  remote: git@github.com:hoccer/puppet-jenkins-user.git
  ref: master
  sha: a90d5a3e6bbb0b1a2023a13402e0faff9c42fc50
  specs:
    hoccer-jenkins-user (0.0.1)

GIT
  remote: git@github.com:hoccer/puppet-nrpe.git
  ref: master
  sha: daa1f9014bd258b7f9a1e98c82a416e949439010
  specs:
    hoccer-nrpe (0.0.1)

GIT
  remote: https://github.com/maestrodev/puppet-maven.git
  ref: master
  sha: 7c29e391577a7a889b8b3984ed0268b60a6980f6
  specs:
    maestrodev-maven (1.2.3)
      maestrodev-wget (>= 1.0.0)

DEPENDENCIES
  hoccer-backuppc-client (>= 0)
  hoccer-deployment-user (>= 0)
  hoccer-jenkins-user (>= 0)
  hoccer-nrpe (>= 0)
  maestrodev-maven (>= 0)
  puppetlabs-java (>= 0)
  puppetlabs-stdlib (>= 0)

