FORGE
  remote: http://forge.puppetlabs.com
  specs:
    maestrodev/wget (1.4.1)
    puppetlabs/stdlib (4.1.0)

GIT
  remote: https://github.com/hoccer/puppet-backuppc-client.git
  ref: master
  sha: 4069d31f337a81b8ef429cf1e4fcf35280e9e2d0
  specs:
    backuppc-client (0.0.1)

GIT
  remote: https://github.com/hoccer/puppet-deployment-user.git
  ref: master
  sha: 37a89ee4be24ad4819b67b80455c8d82561b7df7
  specs:
    deployment-user (0.0.1)

GIT
  remote: https://github.com/hoccer/puppet-jenkins-user.git
  ref: master
  sha: a90d5a3e6bbb0b1a2023a13402e0faff9c42fc50
  specs:
    jenkins-user (0.0.1)

GIT
  remote: https://github.com/hoccer/puppet-nrpe.git
  ref: master
  sha: 2930fe7e6f0a1138f3e0aa50a8a7086adc17d78c
  specs:
    nrpe (0.0.1)

GIT
  remote: https://github.com/maestrodev/puppet-maven.git
  ref: master
  sha: 95f22a16f4f992bc9c2c714636535b17e2b1c5fa
  specs:
    maven (1.1.12)
      maestrodev/wget (>= 1.0.0)

GIT
  remote: https://github.com/puppetlabs/puppetlabs-java.git
  ref: master
  sha: b31311c52ffb0dc59e0f8854aa0be7a5fd34ba45
  specs:
    java (1.1.0)
      puppetlabs/stdlib (>= 0.1.6)

DEPENDENCIES
  backuppc-client (>= 0)
  deployment-user (>= 0)
  java (>= 0)
  jenkins-user (>= 0)
  maven (>= 0)
  nrpe (>= 0)
  puppetlabs/stdlib (>= 0)

